
Microsoft Visual Studio Solution File, Format Version 12.00
# Visual Studio Version 16
VisualStudioVersion = 16.0.31729.503
MinimumVisualStudioVersion = 10.0.40219.1
Project("{9A19103F-16F7-4668-BE54-9A1E7A4F7556}") = "BusinessLayer", "BusinessLayer\BusinessLayer.csproj", "{04C86FF2-3C48-421B-9BF7-559421303B3C}"
EndProject
Project("{9A19103F-16F7-4668-BE54-9A1E7A4F7556}") = "DataLayer", "DataLayer\DataLayer.csproj", "{05A629B9-06BB-4D34-88B5-E744C44510A4}"
EndProject
Project("{9A19103F-16F7-4668-BE54-9A1E7A4F7556}") = "Model", "Model\Model.csproj", "{5263E60F-87D2-4EE3-8A21-4EDE9D4366AF}"
EndProject
Project("{9A19103F-16F7-4668-BE54-9A1E7A4F7556}") = "CompanyAPI", "CompanyServices\CompanyAPI.csproj", "{E8C38BAD-2A07-4E4A-9CDD-96AF17B2DB31}"
EndProject
Project("{9A19103F-16F7-4668-BE54-9A1E7A4F7556}") = "StockAPI", "StockServices\StockAPI.csproj", "{542AB219-7620-4960-92AF-7207C3260E41}"
EndProject
Project("{9A19103F-16F7-4668-BE54-9A1E7A4F7556}") = "UItility", "UItility\UItility.csproj", "{305AB8CE-6D67-46CD-95CE-920CD16BABAD}"
EndProject
Project("{9A19103F-16F7-4668-BE54-9A1E7A4F7556}") = "API_Gateway", "API_Gateway\API_Gateway.csproj", "{4C3285F1-D0AF-415A-9C6E-DD3DA2482534}"
EndProject
Project("{E53339B2-1760-4266-BCC7-CA923CBCF16C}") = "docker-compose", "docker-compose.dcproj", "{DE307065-47DA-456E-B50B-A4BF4D8F9F31}"
EndProject
Global
	GlobalSection(SolutionConfigurationPlatforms) = preSolution
		Debug|Any CPU = Debug|Any CPU
		Release|Any CPU = Release|Any CPU
	EndGlobalSection
	GlobalSection(ProjectConfigurationPlatforms) = postSolution
		{04C86FF2-3C48-421B-9BF7-559421303B3C}.Debug|Any CPU.ActiveCfg = Debug|Any CPU
		{04C86FF2-3C48-421B-9BF7-559421303B3C}.Debug|Any CPU.Build.0 = Debug|Any CPU
		{04C86FF2-3C48-421B-9BF7-559421303B3C}.Release|Any CPU.ActiveCfg = Release|Any CPU
		{04C86FF2-3C48-421B-9BF7-559421303B3C}.Release|Any CPU.Build.0 = Release|Any CPU
		{05A629B9-06BB-4D34-88B5-E744C44510A4}.Debug|Any CPU.ActiveCfg = Debug|Any CPU
		{05A629B9-06BB-4D34-88B5-E744C44510A4}.Debug|Any CPU.Build.0 = Debug|Any CPU
		{05A629B9-06BB-4D34-88B5-E744C44510A4}.Release|Any CPU.ActiveCfg = Release|Any CPU
		{05A629B9-06BB-4D34-88B5-E744C44510A4}.Release|Any CPU.Build.0 = Release|Any CPU
		{5263E60F-87D2-4EE3-8A21-4EDE9D4366AF}.Debug|Any CPU.ActiveCfg = Debug|Any CPU
		{5263E60F-87D2-4EE3-8A21-4EDE9D4366AF}.Debug|Any CPU.Build.0 = Debug|Any CPU
		{5263E60F-87D2-4EE3-8A21-4EDE9D4366AF}.Release|Any CPU.ActiveCfg = Release|Any CPU
		{5263E60F-87D2-4EE3-8A21-4EDE9D4366AF}.Release|Any CPU.Build.0 = Release|Any CPU
		{E8C38BAD-2A07-4E4A-9CDD-96AF17B2DB31}.Debug|Any CPU.ActiveCfg = Debug|Any CPU
		{E8C38BAD-2A07-4E4A-9CDD-96AF17B2DB31}.Debug|Any CPU.Build.0 = Debug|Any CPU
		{E8C38BAD-2A07-4E4A-9CDD-96AF17B2DB31}.Release|Any CPU.ActiveCfg = Release|Any CPU
		{E8C38BAD-2A07-4E4A-9CDD-96AF17B2DB31}.Release|Any CPU.Build.0 = Release|Any CPU
		{542AB219-7620-4960-92AF-7207C3260E41}.Debug|Any CPU.ActiveCfg = Debug|Any CPU
		{542AB219-7620-4960-92AF-7207C3260E41}.Debug|Any CPU.Build.0 = Debug|Any CPU
		{542AB219-7620-4960-92AF-7207C3260E41}.Release|Any CPU.ActiveCfg = Release|Any CPU
		{542AB219-7620-4960-92AF-7207C3260E41}.Release|Any CPU.Build.0 = Release|Any CPU
		{305AB8CE-6D67-46CD-95CE-920CD16BABAD}.Debug|Any CPU.ActiveCfg = Debug|Any CPU
		{305AB8CE-6D67-46CD-95CE-920CD16BABAD}.Debug|Any CPU.Build.0 = Debug|Any CPU
		{305AB8CE-6D67-46CD-95CE-920CD16BABAD}.Release|Any CPU.ActiveCfg = Release|Any CPU
		{305AB8CE-6D67-46CD-95CE-920CD16BABAD}.Release|Any CPU.Build.0 = Release|Any CPU
		{4C3285F1-D0AF-415A-9C6E-DD3DA2482534}.Debug|Any CPU.ActiveCfg = Debug|Any CPU
		{4C3285F1-D0AF-415A-9C6E-DD3DA2482534}.Debug|Any CPU.Build.0 = Debug|Any CPU
		{4C3285F1-D0AF-415A-9C6E-DD3DA2482534}.Release|Any CPU.ActiveCfg = Release|Any CPU
		{4C3285F1-D0AF-415A-9C6E-DD3DA2482534}.Release|Any CPU.Build.0 = Release|Any CPU
		{DE307065-47DA-456E-B50B-A4BF4D8F9F31}.Debug|Any CPU.ActiveCfg = Debug|Any CPU
		{DE307065-47DA-456E-B50B-A4BF4D8F9F31}.Debug|Any CPU.Build.0 = Debug|Any CPU
		{DE307065-47DA-456E-B50B-A4BF4D8F9F31}.Release|Any CPU.ActiveCfg = Release|Any CPU
		{DE307065-47DA-456E-B50B-A4BF4D8F9F31}.Release|Any CPU.Build.0 = Release|Any CPU
	EndGlobalSection
	GlobalSection(SolutionProperties) = preSolution
		HideSolutionNode = FALSE
	EndGlobalSection
	GlobalSection(ExtensibilityGlobals) = postSolution
		SolutionGuid = {3AAB59AF-0D9C-4DC0-8DB1-F97EB30BCDCC}
	EndGlobalSection
EndGlobal
